
Microsoft Visual Studio Solution File, Format Version 12.00
# Visual Studio Version 16
VisualStudioVersion = 16.0.29728.190
MinimumVisualStudioVersion = 10.0.40219.1
Project("{9A19103F-16F7-4668-BE54-9A1E7A4F7556}") = "Lab4_Task11", "Lab4_Task11\Lab4_Task11.csproj", "{D0A83F6B-EEFA-4668-8442-77E1974838E9}"
EndProject
Project("{9A19103F-16F7-4668-BE54-9A1E7A4F7556}") = "Lab4_Task41", "Lab4_Task41\Lab4_Task41.csproj", "{FBC8CD46-0FDF-4A78-9C20-DC804195DBFA}"
EndProject
Project("{9A19103F-16F7-4668-BE54-9A1E7A4F7556}") = "Lab4_Task64", "Lab4_Task64\Lab4_Task64.csproj", "{3ACFF449-6DF0-4343-9E29-1219221D9588}"
EndProject
Global
	GlobalSection(SolutionConfigurationPlatforms) = preSolution
		Debug|Any CPU = Debug|Any CPU
		Release|Any CPU = Release|Any CPU
	EndGlobalSection
	GlobalSection(ProjectConfigurationPlatforms) = postSolution
		{D0A83F6B-EEFA-4668-8442-77E1974838E9}.Debug|Any CPU.ActiveCfg = Debug|Any CPU
		{D0A83F6B-EEFA-4668-8442-77E1974838E9}.Debug|Any CPU.Build.0 = Debug|Any CPU
		{D0A83F6B-EEFA-4668-8442-77E1974838E9}.Release|Any CPU.ActiveCfg = Release|Any CPU
		{D0A83F6B-EEFA-4668-8442-77E1974838E9}.Release|Any CPU.Build.0 = Release|Any CPU
		{FBC8CD46-0FDF-4A78-9C20-DC804195DBFA}.Debug|Any CPU.ActiveCfg = Debug|Any CPU
		{FBC8CD46-0FDF-4A78-9C20-DC804195DBFA}.Debug|Any CPU.Build.0 = Debug|Any CPU
		{FBC8CD46-0FDF-4A78-9C20-DC804195DBFA}.Release|Any CPU.ActiveCfg = Release|Any CPU
		{FBC8CD46-0FDF-4A78-9C20-DC804195DBFA}.Release|Any CPU.Build.0 = Release|Any CPU
		{3ACFF449-6DF0-4343-9E29-1219221D9588}.Debug|Any CPU.ActiveCfg = Debug|Any CPU
		{3ACFF449-6DF0-4343-9E29-1219221D9588}.Debug|Any CPU.Build.0 = Debug|Any CPU
		{3ACFF449-6DF0-4343-9E29-1219221D9588}.Release|Any CPU.ActiveCfg = Release|Any CPU
		{3ACFF449-6DF0-4343-9E29-1219221D9588}.Release|Any CPU.Build.0 = Release|Any CPU
	EndGlobalSection
	GlobalSection(SolutionProperties) = preSolution
		HideSolutionNode = FALSE
	EndGlobalSection
	GlobalSection(ExtensibilityGlobals) = postSolution
		SolutionGuid = {628A1E8F-2AC1-45A0-B7ED-F96E1782BB9A}
	EndGlobalSection
EndGlobal
